
Microsoft Visual Studio Solution File, Format Version 12.00
# Visual Studio Version 16
VisualStudioVersion = 16.0.29609.76
MinimumVisualStudioVersion = 10.0.40219.1
Project("{FAE04EC0-301F-11D3-BF4B-00C04F79EFBC}") = "AllCombinationSet", "AllCombinationSet\AllCombinationSet.csproj", "{1F5684EA-1B97-4240-93EF-7FF44D2B65E1}"
EndProject
Global
	GlobalSection(SolutionConfigurationPlatforms) = preSolution
		Debug|Any CPU = Debug|Any CPU
		Release|Any CPU = Release|Any CPU
	EndGlobalSection
	GlobalSection(ProjectConfigurationPlatforms) = postSolution
		{1F5684EA-1B97-4240-93EF-7FF44D2B65E1}.Debug|Any CPU.ActiveCfg = Debug|Any CPU
		{1F5684EA-1B97-4240-93EF-7FF44D2B65E1}.Debug|Any CPU.Build.0 = Debug|Any CPU
		{1F5684EA-1B97-4240-93EF-7FF44D2B65E1}.Release|Any CPU.ActiveCfg = Release|Any CPU
		{1F5684EA-1B97-4240-93EF-7FF44D2B65E1}.Release|Any CPU.Build.0 = Release|Any CPU
	EndGlobalSection
	GlobalSection(SolutionProperties) = preSolution
		HideSolutionNode = FALSE
	EndGlobalSection
	GlobalSection(ExtensibilityGlobals) = postSolution
		SolutionGuid = {1E909EF7-CD5C-484A-BA61-665F55917610}
	EndGlobalSection
EndGlobal
